// !$*UTF8*$!
{
	archiveVersion = 1;
	classes = {
	};
	objectVersion = 50;
	objects = {

/* Begin PBXBuildFile section */
		5E789CD422842B8A0028F37E /* XLPageSegmentedTitleView.m in Sources */ = {isa = PBXBuildFile; fileRef = 5E789CD322842B8A0028F37E /* XLPageSegmentedTitleView.m */; };
		5E789CE622853ECF0028F37E /* CommonPageViewController.m in Sources */ = {isa = PBXBuildFile; fileRef = 5E789CE522853ECF0028F37E /* CommonPageViewController.m */; };
		5E789CE922853F630028F37E /* BasicFunctionListVC.m in Sources */ = {isa = PBXBuildFile; fileRef = 5E789CE822853F630028F37E /* BasicFunctionListVC.m */; };
		5E789CEC228545B60028F37E /* OtherAppExampleListVC.m in Sources */ = {isa = PBXBuildFile; fileRef = 5E789CEB228545B60028F37E /* OtherAppExampleListVC.m */; };
		5E789D012286C2580028F37E /* XLNavigationController.m in Sources */ = {isa = PBXBuildFile; fileRef = 5E789D002286C2580028F37E /* XLNavigationController.m */; };
		5E789D0422895BD90028F37E /* XLPageTitleCell.m in Sources */ = {isa = PBXBuildFile; fileRef = 5E789D0322895BD90028F37E /* XLPageTitleCell.m */; };
		5E789D07228966D10028F37E /* CustomTitleCellExampleVC1.m in Sources */ = {isa = PBXBuildFile; fileRef = 5E789D06228966D10028F37E /* CustomTitleCellExampleVC1.m */; };
		5E789D0A228967D80028F37E /* CustomPageTitleCell1.m in Sources */ = {isa = PBXBuildFile; fileRef = 5E789D09228967D80028F37E /* CustomPageTitleCell1.m */; };
		5E789D0D228A2CCA0028F37E /* CustomPageTitleCell2.m in Sources */ = {isa = PBXBuildFile; fileRef = 5E789D0C228A2CCA0028F37E /* CustomPageTitleCell2.m */; };
		5E789D10228A2D7F0028F37E /* CustomTitleCellExampleVC2.m in Sources */ = {isa = PBXBuildFile; fileRef = 5E789D0F228A2D7F0028F37E /* CustomTitleCellExampleVC2.m */; };
		5E789D13228A5E2B0028F37E /* CustomTitleCellExampleVC3.m in Sources */ = {isa = PBXBuildFile; fileRef = 5E789D12228A5E2B0028F37E /* CustomTitleCellExampleVC3.m */; };
		5E789D16228A5E5E0028F37E /* CustomPageTitleCell3.m in Sources */ = {isa = PBXBuildFile; fileRef = 5E789D15228A5E5E0028F37E /* CustomPageTitleCell3.m */; };
		5E789D19228A6EEA0028F37E /* ChannelManageExampleVC.m in Sources */ = {isa = PBXBuildFile; fileRef = 5E789D18228A6EEA0028F37E /* ChannelManageExampleVC.m */; };
		5E789D3E228AEBD90028F37E /* SpecialUseExampleVC.m in Sources */ = {isa = PBXBuildFile; fileRef = 5E789D3D228AEBD90028F37E /* SpecialUseExampleVC.m */; };
		5EA702BB228026FA0006D0C2 /* AppDelegate.m in Sources */ = {isa = PBXBuildFile; fileRef = 5EA702BA228026FA0006D0C2 /* AppDelegate.m */; };
		5EA702BE228026FA0006D0C2 /* ViewController.m in Sources */ = {isa = PBXBuildFile; fileRef = 5EA702BD228026FA0006D0C2 /* ViewController.m */; };
		5EA702C1228026FA0006D0C2 /* Main.storyboard in Resources */ = {isa = PBXBuildFile; fileRef = 5EA702BF228026FA0006D0C2 /* Main.storyboard */; };
		5EA702C3228026FC0006D0C2 /* Assets.xcassets in Resources */ = {isa = PBXBuildFile; fileRef = 5EA702C2228026FC0006D0C2 /* Assets.xcassets */; };
		5EA702C6228026FC0006D0C2 /* LaunchScreen.storyboard in Resources */ = {isa = PBXBuildFile; fileRef = 5EA702C4228026FC0006D0C2 /* LaunchScreen.storyboard */; };
		5EA702C9228026FC0006D0C2 /* main.m in Sources */ = {isa = PBXBuildFile; fileRef = 5EA702C8228026FC0006D0C2 /* main.m */; };
		5EA702D5228028880006D0C2 /* XLPageViewController.m in Sources */ = {isa = PBXBuildFile; fileRef = 5EA702D4228028880006D0C2 /* XLPageViewController.m */; };
		5EA702DC228030FA0006D0C2 /* CommonTableViewController.m in Sources */ = {isa = PBXBuildFile; fileRef = 5EA702DB228030FA0006D0C2 /* CommonTableViewController.m */; };
		5EA702E222827D580006D0C2 /* XLPageBasicTitleView.m in Sources */ = {isa = PBXBuildFile; fileRef = 5EA702E122827D580006D0C2 /* XLPageBasicTitleView.m */; };
		5EA702E8228286BB0006D0C2 /* XLPageViewControllerConfig.m in Sources */ = {isa = PBXBuildFile; fileRef = 5EA702E7228286BB0006D0C2 /* XLPageViewControllerConfig.m */; };
		5EA702EB22829E050006D0C2 /* XLPageViewControllerUtil.m in Sources */ = {isa = PBXBuildFile; fileRef = 5EA702EA22829E050006D0C2 /* XLPageViewControllerUtil.m */; };
		5EBE6F6F228C13AE00B1F8F9 /* MultiLevelExampleVC.m in Sources */ = {isa = PBXBuildFile; fileRef = 5EBE6F6E228C13AE00B1F8F9 /* MultiLevelExampleVC.m */; };
		5EFC0B46228CEFB40024F6C9 /* ChildViewConflictExampleVC.m in Sources */ = {isa = PBXBuildFile; fileRef = 5EFC0B45228CEFB40024F6C9 /* ChildViewConflictExampleVC.m */; };
		5EFC0B5D228D34BE0024F6C9 /* SwitchByHandExampleVC.m in Sources */ = {isa = PBXBuildFile; fileRef = 5EFC0B5C228D34BE0024F6C9 /* SwitchByHandExampleVC.m */; };
		5EFC0BA5228D6BCB0024F6C9 /* XLChannelControl.m in Sources */ = {isa = PBXBuildFile; fileRef = 5EFC0B9D228D6BCB0024F6C9 /* XLChannelControl.m */; };
		5EFC0BA6228D6BCB0024F6C9 /* XLChannelHeader.m in Sources */ = {isa = PBXBuildFile; fileRef = 5EFC0BA1228D6BCB0024F6C9 /* XLChannelHeader.m */; };
		5EFC0BA7228D6BCB0024F6C9 /* XLChannelView.m in Sources */ = {isa = PBXBuildFile; fileRef = 5EFC0BA2228D6BCB0024F6C9 /* XLChannelView.m */; };
		5EFC0BA8228D6BCB0024F6C9 /* XLChannelItem.m in Sources */ = {isa = PBXBuildFile; fileRef = 5EFC0BA4228D6BCB0024F6C9 /* XLChannelItem.m */; };
/* End PBXBuildFile section */

/* Begin PBXFileReference section */
		5E789CD222842B8A0028F37E /* XLPageSegmentedTitleView.h */ = {isa = PBXFileReference; lastKnownFileType = sourcecode.c.h; path = XLPageSegmentedTitleView.h; sourceTree = "<group>"; };
		5E789CD322842B8A0028F37E /* XLPageSegmentedTitleView.m */ = {isa = PBXFileReference; lastKnownFileType = sourcecode.c.objc; path = XLPageSegmentedTitleView.m; sourceTree = "<group>"; };
		5E789CE422853ECF0028F37E /* CommonPageViewController.h */ = {isa = PBXFileReference; lastKnownFileType = sourcecode.c.h; path = CommonPageViewController.h; sourceTree = "<group>"; };
		5E789CE522853ECF0028F37E /* CommonPageViewController.m */ = {isa = PBXFileReference; lastKnownFileType = sourcecode.c.objc; path = CommonPageViewController.m; sourceTree = "<group>"; };
		5E789CE722853F630028F37E /* BasicFunctionListVC.h */ = {isa = PBXFileReference; lastKnownFileType = sourcecode.c.h; path = BasicFunctionListVC.h; sourceTree = "<group>"; };
		5E789CE822853F630028F37E /* BasicFunctionListVC.m */ = {isa = PBXFileReference; lastKnownFileType = sourcecode.c.objc; path = BasicFunctionListVC.m; sourceTree = "<group>"; };
		5E789CEA228545B60028F37E /* OtherAppExampleListVC.h */ = {isa = PBXFileReference; lastKnownFileType = sourcecode.c.h; path = OtherAppExampleListVC.h; sourceTree = "<group>"; };
		5E789CEB228545B60028F37E /* OtherAppExampleListVC.m */ = {isa = PBXFileReference; lastKnownFileType = sourcecode.c.objc; path = OtherAppExampleListVC.m; sourceTree = "<group>"; };
		5E789CFF2286C2580028F37E /* XLNavigationController.h */ = {isa = PBXFileReference; lastKnownFileType = sourcecode.c.h; path = XLNavigationController.h; sourceTree = "<group>"; };
		5E789D002286C2580028F37E /* XLNavigationController.m */ = {isa = PBXFileReference; lastKnownFileType = sourcecode.c.objc; path = XLNavigationController.m; sourceTree = "<group>"; };
		5E789D0222895BD90028F37E /* XLPageTitleCell.h */ = {isa = PBXFileReference; lastKnownFileType = sourcecode.c.h; path = XLPageTitleCell.h; sourceTree = "<group>"; };
		5E789D0322895BD90028F37E /* XLPageTitleCell.m */ = {isa = PBXFileReference; lastKnownFileType = sourcecode.c.objc; path = XLPageTitleCell.m; sourceTree = "<group>"; };
		5E789D05228966D10028F37E /* CustomTitleCellExampleVC1.h */ = {isa = PBXFileReference; lastKnownFileType = sourcecode.c.h; path = CustomTitleCellExampleVC1.h; sourceTree = "<group>"; };
		5E789D06228966D10028F37E /* CustomTitleCellExampleVC1.m */ = {isa = PBXFileReference; lastKnownFileType = sourcecode.c.objc; path = CustomTitleCellExampleVC1.m; sourceTree = "<group>"; };
		5E789D08228967D80028F37E /* CustomPageTitleCell1.h */ = {isa = PBXFileReference; lastKnownFileType = sourcecode.c.h; path = CustomPageTitleCell1.h; sourceTree = "<group>"; };
		5E789D09228967D80028F37E /* CustomPageTitleCell1.m */ = {isa = PBXFileReference; lastKnownFileType = sourcecode.c.objc; path = CustomPageTitleCell1.m; sourceTree = "<group>"; };
		5E789D0B228A2CCA0028F37E /* CustomPageTitleCell2.h */ = {isa = PBXFileReference; lastKnownFileType = sourcecode.c.h; path = CustomPageTitleCell2.h; sourceTree = "<group>"; };
		5E789D0C228A2CCA0028F37E /* CustomPageTitleCell2.m */ = {isa = PBXFileReference; lastKnownFileType = sourcecode.c.objc; path = CustomPageTitleCell2.m; sourceTree = "<group>"; };
		5E789D0E228A2D7F0028F37E /* CustomTitleCellExampleVC2.h */ = {isa = PBXFileReference; lastKnownFileType = sourcecode.c.h; path = CustomTitleCellExampleVC2.h; sourceTree = "<group>"; };
		5E789D0F228A2D7F0028F37E /* CustomTitleCellExampleVC2.m */ = {isa = PBXFileReference; lastKnownFileType = sourcecode.c.objc; path = CustomTitleCellExampleVC2.m; sourceTree = "<group>"; };
		5E789D11228A5E2B0028F37E /* CustomTitleCellExampleVC3.h */ = {isa = PBXFileReference; lastKnownFileType = sourcecode.c.h; path = CustomTitleCellExampleVC3.h; sourceTree = "<group>"; };
		5E789D12228A5E2B0028F37E /* CustomTitleCellExampleVC3.m */ = {isa = PBXFileReference; lastKnownFileType = sourcecode.c.objc; path = CustomTitleCellExampleVC3.m; sourceTree = "<group>"; };
		5E789D14228A5E5E0028F37E /* CustomPageTitleCell3.h */ = {isa = PBXFileReference; lastKnownFileType = sourcecode.c.h; path = CustomPageTitleCell3.h; sourceTree = "<group>"; };
		5E789D15228A5E5E0028F37E /* CustomPageTitleCell3.m */ = {isa = PBXFileReference; lastKnownFileType = sourcecode.c.objc; path = CustomPageTitleCell3.m; sourceTree = "<group>"; };
		5E789D17228A6EEA0028F37E /* ChannelManageExampleVC.h */ = {isa = PBXFileReference; lastKnownFileType = sourcecode.c.h; path = ChannelManageExampleVC.h; sourceTree = "<group>"; };
		5E789D18228A6EEA0028F37E /* ChannelManageExampleVC.m */ = {isa = PBXFileReference; lastKnownFileType = sourcecode.c.objc; path = ChannelManageExampleVC.m; sourceTree = "<group>"; };
		5E789D3C228AEBD90028F37E /* SpecialUseExampleVC.h */ = {isa = PBXFileReference; lastKnownFileType = sourcecode.c.h; path = SpecialUseExampleVC.h; sourceTree = "<group>"; };
		5E789D3D228AEBD90028F37E /* SpecialUseExampleVC.m */ = {isa = PBXFileReference; lastKnownFileType = sourcecode.c.objc; path = SpecialUseExampleVC.m; sourceTree = "<group>"; };
		5EA702B6228026FA0006D0C2 /* XLPageViewControllerExample.app */ = {isa = PBXFileReference; explicitFileType = wrapper.application; includeInIndex = 0; path = XLPageViewControllerExample.app; sourceTree = BUILT_PRODUCTS_DIR; };
		5EA702B9228026FA0006D0C2 /* AppDelegate.h */ = {isa = PBXFileReference; lastKnownFileType = sourcecode.c.h; path = AppDelegate.h; sourceTree = "<group>"; };
		5EA702BA228026FA0006D0C2 /* AppDelegate.m */ = {isa = PBXFileReference; lastKnownFileType = sourcecode.c.objc; path = AppDelegate.m; sourceTree = "<group>"; };
		5EA702BC228026FA0006D0C2 /* ViewController.h */ = {isa = PBXFileReference; lastKnownFileType = sourcecode.c.h; path = ViewController.h; sourceTree = "<group>"; };
		5EA702BD228026FA0006D0C2 /* ViewController.m */ = {isa = PBXFileReference; lastKnownFileType = sourcecode.c.objc; path = ViewController.m; sourceTree = "<group>"; };
		5EA702C0228026FA0006D0C2 /* Base */ = {isa = PBXFileReference; lastKnownFileType = file.storyboard; name = Base; path = Base.lproj/Main.storyboard; sourceTree = "<group>"; };
		5EA702C2228026FC0006D0C2 /* Assets.xcassets */ = {isa = PBXFileReference; lastKnownFileType = folder.assetcatalog; path = Assets.xcassets; sourceTree = "<group>"; };
		5EA702C5228026FC0006D0C2 /* Base */ = {isa = PBXFileReference; lastKnownFileType = file.storyboard; name = Base; path = Base.lproj/LaunchScreen.storyboard; sourceTree = "<group>"; };
		5EA702C7228026FC0006D0C2 /* Info.plist */ = {isa = PBXFileReference; lastKnownFileType = text.plist.xml; path = Info.plist; sourceTree = "<group>"; };
		5EA702C8228026FC0006D0C2 /* main.m */ = {isa = PBXFileReference; lastKnownFileType = sourcecode.c.objc; path = main.m; sourceTree = "<group>"; };
		5EA702D3228028880006D0C2 /* XLPageViewController.h */ = {isa = PBXFileReference; lastKnownFileType = sourcecode.c.h; path = XLPageViewController.h; sourceTree = "<group>"; };
		5EA702D4228028880006D0C2 /* XLPageViewController.m */ = {isa = PBXFileReference; lastKnownFileType = sourcecode.c.objc; path = XLPageViewController.m; sourceTree = "<group>"; };
		5EA702DA228030FA0006D0C2 /* CommonTableViewController.h */ = {isa = PBXFileReference; lastKnownFileType = sourcecode.c.h; path = CommonTableViewController.h; sourceTree = "<group>"; };
		5EA702DB228030FA0006D0C2 /* CommonTableViewController.m */ = {isa = PBXFileReference; lastKnownFileType = sourcecode.c.objc; path = CommonTableViewController.m; sourceTree = "<group>"; };
		5EA702E022827D580006D0C2 /* XLPageBasicTitleView.h */ = {isa = PBXFileReference; lastKnownFileType = sourcecode.c.h; path = XLPageBasicTitleView.h; sourceTree = "<group>"; };
		5EA702E122827D580006D0C2 /* XLPageBasicTitleView.m */ = {isa = PBXFileReference; lastKnownFileType = sourcecode.c.objc; path = XLPageBasicTitleView.m; sourceTree = "<group>"; };
		5EA702E6228286BB0006D0C2 /* XLPageViewControllerConfig.h */ = {isa = PBXFileReference; lastKnownFileType = sourcecode.c.h; path = XLPageViewControllerConfig.h; sourceTree = "<group>"; };
		5EA702E7228286BB0006D0C2 /* XLPageViewControllerConfig.m */ = {isa = PBXFileReference; lastKnownFileType = sourcecode.c.objc; path = XLPageViewControllerConfig.m; sourceTree = "<group>"; };
		5EA702E922829E050006D0C2 /* XLPageViewControllerUtil.h */ = {isa = PBXFileReference; lastKnownFileType = sourcecode.c.h; path = XLPageViewControllerUtil.h; sourceTree = "<group>"; };
		5EA702EA22829E050006D0C2 /* XLPageViewControllerUtil.m */ = {isa = PBXFileReference; lastKnownFileType = sourcecode.c.objc; path = XLPageViewControllerUtil.m; sourceTree = "<group>"; };
		5EBE6F6D228C13AE00B1F8F9 /* MultiLevelExampleVC.h */ = {isa = PBXFileReference; lastKnownFileType = sourcecode.c.h; path = MultiLevelExampleVC.h; sourceTree = "<group>"; };
		5EBE6F6E228C13AE00B1F8F9 /* MultiLevelExampleVC.m */ = {isa = PBXFileReference; lastKnownFileType = sourcecode.c.objc; path = MultiLevelExampleVC.m; sourceTree = "<group>"; };
		5EFC0B44228CEFB40024F6C9 /* ChildViewConflictExampleVC.h */ = {isa = PBXFileReference; lastKnownFileType = sourcecode.c.h; path = ChildViewConflictExampleVC.h; sourceTree = "<group>"; };
		5EFC0B45228CEFB40024F6C9 /* ChildViewConflictExampleVC.m */ = {isa = PBXFileReference; lastKnownFileType = sourcecode.c.objc; path = ChildViewConflictExampleVC.m; sourceTree = "<group>"; };
		5EFC0B5B228D34BE0024F6C9 /* SwitchByHandExampleVC.h */ = {isa = PBXFileReference; lastKnownFileType = sourcecode.c.h; path = SwitchByHandExampleVC.h; sourceTree = "<group>"; };
		5EFC0B5C228D34BE0024F6C9 /* SwitchByHandExampleVC.m */ = {isa = PBXFileReference; lastKnownFileType = sourcecode.c.objc; path = SwitchByHandExampleVC.m; sourceTree = "<group>"; };
		5EFC0B9D228D6BCB0024F6C9 /* XLChannelControl.m */ = {isa = PBXFileReference; fileEncoding = 4; lastKnownFileType = sourcecode.c.objc; path = XLChannelControl.m; sourceTree = "<group>"; };
		5EFC0B9E228D6BCB0024F6C9 /* XLChannelView.h */ = {isa = PBXFileReference; fileEncoding = 4; lastKnownFileType = sourcecode.c.h; path = XLChannelView.h; sourceTree = "<group>"; };
		5EFC0B9F228D6BCB0024F6C9 /* XLChannelHeader.h */ = {isa = PBXFileReference; fileEncoding = 4; lastKnownFileType = sourcecode.c.h; path = XLChannelHeader.h; sourceTree = "<group>"; };
		5EFC0BA0228D6BCB0024F6C9 /* XLChannelItem.h */ = {isa = PBXFileReference; fileEncoding = 4; lastKnownFileType = sourcecode.c.h; path = XLChannelItem.h; sourceTree = "<group>"; };
		5EFC0BA1228D6BCB0024F6C9 /* XLChannelHeader.m */ = {isa = PBXFileReference; fileEncoding = 4; lastKnownFileType = sourcecode.c.objc; path = XLChannelHeader.m; sourceTree = "<group>"; };
		5EFC0BA2228D6BCB0024F6C9 /* XLChannelView.m */ = {isa = PBXFileReference; fileEncoding = 4; lastKnownFileType = sourcecode.c.objc; path = XLChannelView.m; sourceTree = "<group>"; };
		5EFC0BA3228D6BCB0024F6C9 /* XLChannelControl.h */ = {isa = PBXFileReference; fileEncoding = 4; lastKnownFileType = sourcecode.c.h; path = XLChannelControl.h; sourceTree = "<group>"; };
		5EFC0BA4228D6BCB0024F6C9 /* XLChannelItem.m */ = {isa = PBXFileReference; fileEncoding = 4; lastKnownFileType = sourcecode.c.objc; path = XLChannelItem.m; sourceTree = "<group>"; };
/* End PBXFileReference section */

/* Begin PBXFrameworksBuildPhase section */
		5EA702B3228026FA0006D0C2 /* Frameworks */ = {
			isa = PBXFrameworksBuildPhase;
			buildActionMask = 2147483647;
			files = (
			);
			runOnlyForDeploymentPostprocessing = 0;
		};
/* End PBXFrameworksBuildPhase section */

/* Begin PBXGroup section */
		5EA702AD228026FA0006D0C2 = {
			isa = PBXGroup;
			children = (
				5EA702CF228027040006D0C2 /* XLPageViewController */,
				5EA702D6228030CB0006D0C2 /* Example */,
				5EA702B8228026FA0006D0C2 /* XLPageViewControllerExample */,
				5EA702B7228026FA0006D0C2 /* Products */,
			);
			sourceTree = "<group>";
		};
		5EA702B7228026FA0006D0C2 /* Products */ = {
			isa = PBXGroup;
			children = (
				5EA702B6228026FA0006D0C2 /* XLPageViewControllerExample.app */,
			);
			name = Products;
			sourceTree = "<group>";
		};
		5EA702B8228026FA0006D0C2 /* XLPageViewControllerExample */ = {
			isa = PBXGroup;
			children = (
				5E789CFF2286C2580028F37E /* XLNavigationController.h */,
				5E789D002286C2580028F37E /* XLNavigationController.m */,
				5EA702B9228026FA0006D0C2 /* AppDelegate.h */,
				5EA702BA228026FA0006D0C2 /* AppDelegate.m */,
				5EA702BC228026FA0006D0C2 /* ViewController.h */,
				5EA702BD228026FA0006D0C2 /* ViewController.m */,
				5EA702BF228026FA0006D0C2 /* Main.storyboard */,
				5EA702C2228026FC0006D0C2 /* Assets.xcassets */,
				5EA702C4228026FC0006D0C2 /* LaunchScreen.storyboard */,
				5EA702C7228026FC0006D0C2 /* Info.plist */,
				5EA702C8228026FC0006D0C2 /* main.m */,
			);
			path = XLPageViewControllerExample;
			sourceTree = "<group>";
		};
		5EA702CF228027040006D0C2 /* XLPageViewController */ = {
			isa = PBXGroup;
			children = (
				5EA702D3228028880006D0C2 /* XLPageViewController.h */,
				5EA702D4228028880006D0C2 /* XLPageViewController.m */,
				5EA702E022827D580006D0C2 /* XLPageBasicTitleView.h */,
				5EA702E122827D580006D0C2 /* XLPageBasicTitleView.m */,
				5E789CD222842B8A0028F37E /* XLPageSegmentedTitleView.h */,
				5E789CD322842B8A0028F37E /* XLPageSegmentedTitleView.m */,
				5E789D0222895BD90028F37E /* XLPageTitleCell.h */,
				5E789D0322895BD90028F37E /* XLPageTitleCell.m */,
				5EA702E6228286BB0006D0C2 /* XLPageViewControllerConfig.h */,
				5EA702E7228286BB0006D0C2 /* XLPageViewControllerConfig.m */,
				5EA702E922829E050006D0C2 /* XLPageViewControllerUtil.h */,
				5EA702EA22829E050006D0C2 /* XLPageViewControllerUtil.m */,
			);
			path = XLPageViewController;
			sourceTree = "<group>";
		};
		5EA702D6228030CB0006D0C2 /* Example */ = {
			isa = PBXGroup;
			children = (
				5EBE6EDA228AF3CB00B1F8F9 /* SpecialUseExample */,
				5EBE6ED9228AF3BF00B1F8F9 /* BasicFunctionExample */,
				5EBE6ED8228AF3B100B1F8F9 /* OtherAppExample */,
				5EA702D9228030E10006D0C2 /* Common */,
				5EFC0B4A228CF66C0024F6C9 /* Vendor */,
			);
			path = Example;
			sourceTree = "<group>";
		};
		5EA702D9228030E10006D0C2 /* Common */ = {
			isa = PBXGroup;
			children = (
				5E789CE422853ECF0028F37E /* CommonPageViewController.h */,
				5E789CE522853ECF0028F37E /* CommonPageViewController.m */,
				5EA702DA228030FA0006D0C2 /* CommonTableViewController.h */,
				5EA702DB228030FA0006D0C2 /* CommonTableViewController.m */,
			);
			path = Common;
			sourceTree = "<group>";
		};
		5EBE6ED8228AF3B100B1F8F9 /* OtherAppExample */ = {
			isa = PBXGroup;
			children = (
				5E789CEA228545B60028F37E /* OtherAppExampleListVC.h */,
				5E789CEB228545B60028F37E /* OtherAppExampleListVC.m */,
				5E789D0E228A2D7F0028F37E /* CustomTitleCellExampleVC2.h */,
				5E789D0F228A2D7F0028F37E /* CustomTitleCellExampleVC2.m */,
				5E789D11228A5E2B0028F37E /* CustomTitleCellExampleVC3.h */,
				5E789D12228A5E2B0028F37E /* CustomTitleCellExampleVC3.m */,
				5EBE6EDB228AF94500B1F8F9 /* View */,
			);
			path = OtherAppExample;
			sourceTree = "<group>";
		};
		5EBE6ED9228AF3BF00B1F8F9 /* BasicFunctionExample */ = {
			isa = PBXGroup;
			children = (
				5E789CE722853F630028F37E /* BasicFunctionListVC.h */,
				5E789CE822853F630028F37E /* BasicFunctionListVC.m */,
			);
			path = BasicFunctionExample;
			sourceTree = "<group>";
		};
		5EBE6EDA228AF3CB00B1F8F9 /* SpecialUseExample */ = {
			isa = PBXGroup;
			children = (
				5E789D3C228AEBD90028F37E /* SpecialUseExampleVC.h */,
				5E789D3D228AEBD90028F37E /* SpecialUseExampleVC.m */,
				5E789D05228966D10028F37E /* CustomTitleCellExampleVC1.h */,
				5E789D06228966D10028F37E /* CustomTitleCellExampleVC1.m */,
				5E789D17228A6EEA0028F37E /* ChannelManageExampleVC.h */,
				5E789D18228A6EEA0028F37E /* ChannelManageExampleVC.m */,
				5EBE6F6D228C13AE00B1F8F9 /* MultiLevelExampleVC.h */,
				5EBE6F6E228C13AE00B1F8F9 /* MultiLevelExampleVC.m */,
				5EFC0B44228CEFB40024F6C9 /* ChildViewConflictExampleVC.h */,
				5EFC0B45228CEFB40024F6C9 /* ChildViewConflictExampleVC.m */,
				5EFC0B5B228D34BE0024F6C9 /* SwitchByHandExampleVC.h */,
				5EFC0B5C228D34BE0024F6C9 /* SwitchByHandExampleVC.m */,
				5EBE6EDC228AF95300B1F8F9 /* View */,
			);
			path = SpecialUseExample;
			sourceTree = "<group>";
		};
		5EBE6EDB228AF94500B1F8F9 /* View */ = {
			isa = PBXGroup;
			children = (
				5E789D0B228A2CCA0028F37E /* CustomPageTitleCell2.h */,
				5E789D0C228A2CCA0028F37E /* CustomPageTitleCell2.m */,
				5E789D14228A5E5E0028F37E /* CustomPageTitleCell3.h */,
				5E789D15228A5E5E0028F37E /* CustomPageTitleCell3.m */,
			);
			path = View;
			sourceTree = "<group>";
		};
		5EBE6EDC228AF95300B1F8F9 /* View */ = {
			isa = PBXGroup;
			children = (
				5E789D08228967D80028F37E /* CustomPageTitleCell1.h */,
				5E789D09228967D80028F37E /* CustomPageTitleCell1.m */,
			);
			path = View;
			sourceTree = "<group>";
		};
		5EFC0B4A228CF66C0024F6C9 /* Vendor */ = {
			isa = PBXGroup;
			children = (
				5EFC0B9C228D6BCB0024F6C9 /* XLChannelControl */,
			);
			path = Vendor;
			sourceTree = "<group>";
		};
		5EFC0B9C228D6BCB0024F6C9 /* XLChannelControl */ = {
			isa = PBXGroup;
			children = (
				5EFC0BA3228D6BCB0024F6C9 /* XLChannelControl.h */,
				5EFC0B9D228D6BCB0024F6C9 /* XLChannelControl.m */,
				5EFC0B9F228D6BCB0024F6C9 /* XLChannelHeader.h */,
				5EFC0BA1228D6BCB0024F6C9 /* XLChannelHeader.m */,
				5EFC0BA0228D6BCB0024F6C9 /* XLChannelItem.h */,
				5EFC0BA4228D6BCB0024F6C9 /* XLChannelItem.m */,
				5EFC0B9E228D6BCB0024F6C9 /* XLChannelView.h */,
				5EFC0BA2228D6BCB0024F6C9 /* XLChannelView.m */,
			);
			path = XLChannelControl;
			sourceTree = "<group>";
		};
/* End PBXGroup section */

/* Begin PBXNativeTarget section */
		5EA702B5228026FA0006D0C2 /* XLPageViewControllerExample */ = {
			isa = PBXNativeTarget;
			buildConfigurationList = 5EA702CC228026FC0006D0C2 /* Build configuration list for PBXNativeTarget "XLPageViewControllerExample" */;
			buildPhases = (
				5EA702B2228026FA0006D0C2 /* Sources */,
				5EA702B3228026FA0006D0C2 /* Frameworks */,
				5EA702B4228026FA0006D0C2 /* Resources */,
			);
			buildRules = (
			);
			dependencies = (
			);
			name = XLPageViewControllerExample;
			productName = XLPageViewControllerExample;
			productReference = 5EA702B6228026FA0006D0C2 /* XLPageViewControllerExample.app */;
			productType = "com.apple.product-type.application";
		};
/* End PBXNativeTarget section */

/* Begin PBXProject section */
		5EA702AE228026FA0006D0C2 /* Project object */ = {
			isa = PBXProject;
			attributes = {
				LastUpgradeCheck = 1020;
				ORGANIZATIONNAME = jwzt;
				TargetAttributes = {
					5EA702B5228026FA0006D0C2 = {
						CreatedOnToolsVersion = 10.2;
					};
				};
			};
			buildConfigurationList = 5EA702B1228026FA0006D0C2 /* Build configuration list for PBXProject "XLPageViewControllerExample" */;
			compatibilityVersion = "Xcode 9.3";
			developmentRegion = en;
			hasScannedForEncodings = 0;
			knownRegions = (
				en,
				Base,
			);
			mainGroup = 5EA702AD228026FA0006D0C2;
			productRefGroup = 5EA702B7228026FA0006D0C2 /* Products */;
			projectDirPath = "";
			projectRoot = "";
			targets = (
				5EA702B5228026FA0006D0C2 /* XLPageViewControllerExample */,
			);
		};
/* End PBXProject section */

/* Begin PBXResourcesBuildPhase section */
		5EA702B4228026FA0006D0C2 /* Resources */ = {
			isa = PBXResourcesBuildPhase;
			buildActionMask = 2147483647;
			files = (
				5EA702C6228026FC0006D0C2 /* LaunchScreen.storyboard in Resources */,
				5EA702C3228026FC0006D0C2 /* Assets.xcassets in Resources */,
				5EA702C1228026FA0006D0C2 /* Main.storyboard in Resources */,
			);
			runOnlyForDeploymentPostprocessing = 0;
		};
/* End PBXResourcesBuildPhase section */

/* Begin PBXSourcesBuildPhase section */
		5EA702B2228026FA0006D0C2 /* Sources */ = {
			isa = PBXSourcesBuildPhase;
			buildActionMask = 2147483647;
			files = (
				5E789D19228A6EEA0028F37E /* ChannelManageExampleVC.m in Sources */,
				5EBE6F6F228C13AE00B1F8F9 /* MultiLevelExampleVC.m in Sources */,
				5E789D0422895BD90028F37E /* XLPageTitleCell.m in Sources */,
				5EFC0B5D228D34BE0024F6C9 /* SwitchByHandExampleVC.m in Sources */,
				5E789D3E228AEBD90028F37E /* SpecialUseExampleVC.m in Sources */,
				5EA702BE228026FA0006D0C2 /* ViewController.m in Sources */,
				5EA702D5228028880006D0C2 /* XLPageViewController.m in Sources */,
				5E789D0A228967D80028F37E /* CustomPageTitleCell1.m in Sources */,
				5EA702DC228030FA0006D0C2 /* CommonTableViewController.m in Sources */,
				5E789D10228A2D7F0028F37E /* CustomTitleCellExampleVC2.m in Sources */,
				5EA702C9228026FC0006D0C2 /* main.m in Sources */,
				5E789D07228966D10028F37E /* CustomTitleCellExampleVC1.m in Sources */,
				5EA702E8228286BB0006D0C2 /* XLPageViewControllerConfig.m in Sources */,
				5E789D0D228A2CCA0028F37E /* CustomPageTitleCell2.m in Sources */,
				5EFC0BA6228D6BCB0024F6C9 /* XLChannelHeader.m in Sources */,
				5EFC0B46228CEFB40024F6C9 /* ChildViewConflictExampleVC.m in Sources */,
				5EA702EB22829E050006D0C2 /* XLPageViewControllerUtil.m in Sources */,
				5EA702E222827D580006D0C2 /* XLPageBasicTitleView.m in Sources */,
				5E789CE622853ECF0028F37E /* CommonPageViewController.m in Sources */,
				5E789D16228A5E5E0028F37E /* CustomPageTitleCell3.m in Sources */,
				5EFC0BA5228D6BCB0024F6C9 /* XLChannelControl.m in Sources */,
				5E789CEC228545B60028F37E /* OtherAppExampleListVC.m in Sources */,
				5E789D13228A5E2B0028F37E /* CustomTitleCellExampleVC3.m in Sources */,
				5EA702BB228026FA0006D0C2 /* AppDelegate.m in Sources */,
				5E789D012286C2580028F37E /* XLNavigationController.m in Sources */,
				5E789CE922853F630028F37E /* BasicFunctionListVC.m in Sources */,
				5EFC0BA8228D6BCB0024F6C9 /* XLChannelItem.m in Sources */,
				5EFC0BA7228D6BCB0024F6C9 /* XLChannelView.m in Sources */,
				5E789CD422842B8A0028F37E /* XLPageSegmentedTitleView.m in Sources */,
			);
			runOnlyForDeploymentPostprocessing = 0;
		};
/* End PBXSourcesBuildPhase section */

/* Begin PBXVariantGroup section */
		5EA702BF228026FA0006D0C2 /* Main.storyboard */ = {
			isa = PBXVariantGroup;
			children = (
				5EA702C0228026FA0006D0C2 /* Base */,
			);
			name = Main.storyboard;
			sourceTree = "<group>";
		};
		5EA702C4228026FC0006D0C2 /* LaunchScreen.storyboard */ = {
			isa = PBXVariantGroup;
			children = (
				5EA702C5228026FC0006D0C2 /* Base */,
			);
			name = LaunchScreen.storyboard;
			sourceTree = "<group>";
		};
/* End PBXVariantGroup section */

/* Begin XCBuildConfiguration section */
		5EA702CA228026FC0006D0C2 /* Debug */ = {
			isa = XCBuildConfiguration;
			buildSettings = {
				ALWAYS_SEARCH_USER_PATHS = NO;
				CLANG_ANALYZER_NONNULL = YES;
				CLANG_ANALYZER_NUMBER_OBJECT_CONVERSION = YES_AGGRESSIVE;
				CLANG_CXX_LANGUAGE_STANDARD = "gnu++14";
				CLANG_CXX_LIBRARY = "libc++";
				CLANG_ENABLE_MODULES = YES;
				CLANG_ENABLE_OBJC_ARC = YES;
				CLANG_ENABLE_OBJC_WEAK = YES;
				CLANG_WARN_BLOCK_CAPTURE_AUTORELEASING = YES;
				CLANG_WARN_BOOL_CONVERSION = YES;
				CLANG_WARN_COMMA = YES;
				CLANG_WARN_CONSTANT_CONVERSION = YES;
				CLANG_WARN_DEPRECATED_OBJC_IMPLEMENTATIONS = YES;
				CLANG_WARN_DIRECT_OBJC_ISA_USAGE = YES_ERROR;
				CLANG_WARN_DOCUMENTATION_COMMENTS = YES;
				CLANG_WARN_EMPTY_BODY = YES;
				CLANG_WARN_ENUM_CONVERSION = YES;
				CLANG_WARN_INFINITE_RECURSION = YES;
				CLANG_WARN_INT_CONVERSION = YES;
				CLANG_WARN_NON_LITERAL_NULL_CONVERSION = YES;
				CLANG_WARN_OBJC_IMPLICIT_RETAIN_SELF = YES;
				CLANG_WARN_OBJC_LITERAL_CONVERSION = YES;
				CLANG_WARN_OBJC_ROOT_CLASS = YES_ERROR;
				CLANG_WARN_RANGE_LOOP_ANALYSIS = YES;
				CLANG_WARN_STRICT_PROTOTYPES = YES;
				CLANG_WARN_SUSPICIOUS_MOVE = YES;
				CLANG_WARN_UNGUARDED_AVAILABILITY = YES_AGGRESSIVE;
				CLANG_WARN_UNREACHABLE_CODE = YES;
				CLANG_WARN__DUPLICATE_METHOD_MATCH = YES;
				CODE_SIGN_IDENTITY = "iPhone Developer";
				COPY_PHASE_STRIP = NO;
				DEBUG_INFORMATION_FORMAT = dwarf;
				ENABLE_STRICT_OBJC_MSGSEND = YES;
				ENABLE_TESTABILITY = YES;
				GCC_C_LANGUAGE_STANDARD = gnu11;
				GCC_DYNAMIC_NO_PIC = NO;
				GCC_NO_COMMON_BLOCKS = YES;
				GCC_OPTIMIZATION_LEVEL = 0;
				GCC_PREPROCESSOR_DEFINITIONS = (
					"DEBUG=1",
					"$(inherited)",
				);
				GCC_WARN_64_TO_32_BIT_CONVERSION = YES;
				GCC_WARN_ABOUT_RETURN_TYPE = YES_ERROR;
				GCC_WARN_UNDECLARED_SELECTOR = YES;
				GCC_WARN_UNINITIALIZED_AUTOS = YES_AGGRESSIVE;
				GCC_WARN_UNUSED_FUNCTION = YES;
				GCC_WARN_UNUSED_VARIABLE = YES;
				IPHONEOS_DEPLOYMENT_TARGET = 12.2;
				MTL_ENABLE_DEBUG_INFO = INCLUDE_SOURCE;
				MTL_FAST_MATH = YES;
				ONLY_ACTIVE_ARCH = YES;
				SDKROOT = iphoneos;
			};
			name = Debug;
		};
		5EA702CB228026FC0006D0C2 /* Release */ = {
			isa = XCBuildConfiguration;
			buildSettings = {
				ALWAYS_SEARCH_USER_PATHS = NO;
				CLANG_ANALYZER_NONNULL = YES;
				CLANG_ANALYZER_NUMBER_OBJECT_CONVERSION = YES_AGGRESSIVE;
				CLANG_CXX_LANGUAGE_STANDARD = "gnu++14";
				CLANG_CXX_LIBRARY = "libc++";
				CLANG_ENABLE_MODULES = YES;
				CLANG_ENABLE_OBJC_ARC = YES;
				CLANG_ENABLE_OBJC_WEAK = YES;
				CLANG_WARN_BLOCK_CAPTURE_AUTORELEASING = YES;
				CLANG_WARN_BOOL_CONVERSION = YES;
				CLANG_WARN_COMMA = YES;
				CLANG_WARN_CONSTANT_CONVERSION = YES;
				CLANG_WARN_DEPRECATED_OBJC_IMPLEMENTATIONS = YES;
				CLANG_WARN_DIRECT_OBJC_ISA_USAGE = YES_ERROR;
				CLANG_WARN_DOCUMENTATION_COMMENTS = YES;
				CLANG_WARN_EMPTY_BODY = YES;
				CLANG_WARN_ENUM_CONVERSION = YES;
				CLANG_WARN_INFINITE_RECURSION = YES;
				CLANG_WARN_INT_CONVERSION = YES;
				CLANG_WARN_NON_LITERAL_NULL_CONVERSION = YES;
				CLANG_WARN_OBJC_IMPLICIT_RETAIN_SELF = YES;
				CLANG_WARN_OBJC_LITERAL_CONVERSION = YES;
				CLANG_WARN_OBJC_ROOT_CLASS = YES_ERROR;
				CLANG_WARN_RANGE_LOOP_ANALYSIS = YES;
				CLANG_WARN_STRICT_PROTOTYPES = YES;
				CLANG_WARN_SUSPICIOUS_MOVE = YES;
				CLANG_WARN_UNGUARDED_AVAILABILITY = YES_AGGRESSIVE;
				CLANG_WARN_UNREACHABLE_CODE = YES;
				CLANG_WARN__DUPLICATE_METHOD_MATCH = YES;
				CODE_SIGN_IDENTITY = "iPhone Developer";
				COPY_PHASE_STRIP = NO;
				DEBUG_INFORMATION_FORMAT = "dwarf-with-dsym";
				ENABLE_NS_ASSERTIONS = NO;
				ENABLE_STRICT_OBJC_MSGSEND = YES;
				GCC_C_LANGUAGE_STANDARD = gnu11;
				GCC_NO_COMMON_BLOCKS = YES;
				GCC_WARN_64_TO_32_BIT_CONVERSION = YES;
				GCC_WARN_ABOUT_RETURN_TYPE = YES_ERROR;
				GCC_WARN_UNDECLARED_SELECTOR = YES;
				GCC_WARN_UNINITIALIZED_AUTOS = YES_AGGRESSIVE;
				GCC_WARN_UNUSED_FUNCTION = YES;
				GCC_WARN_UNUSED_VARIABLE = YES;
				IPHONEOS_DEPLOYMENT_TARGET = 12.2;
				MTL_ENABLE_DEBUG_INFO = NO;
				MTL_FAST_MATH = YES;
				SDKROOT = iphoneos;
				VALIDATE_PRODUCT = YES;
			};
			name = Release;
		};
		5EA702CD228026FC0006D0C2 /* Debug */ = {
			isa = XCBuildConfiguration;
			buildSettings = {
				ASSETCATALOG_COMPILER_APPICON_NAME = AppIcon;
				CODE_SIGN_STYLE = Automatic;
				DEVELOPMENT_TEAM = 24JTU5PM6W;
				INFOPLIST_FILE = XLPageViewControllerExample/Info.plist;
				LD_RUNPATH_SEARCH_PATHS = (
					"$(inherited)",
					"@executable_path/Frameworks",
				);
				PRODUCT_BUNDLE_IDENTIFIER = mxl.XLPageViewControllerExample;
				PRODUCT_NAME = "$(TARGET_NAME)";
				TARGETED_DEVICE_FAMILY = "1,2";
			};
			name = Debug;
		};
		5EA702CE228026FC0006D0C2 /* Release */ = {
			isa = XCBuildConfiguration;
			buildSettings = {
				ASSETCATALOG_COMPILER_APPICON_NAME = AppIcon;
				CODE_SIGN_STYLE = Automatic;
				DEVELOPMENT_TEAM = 24JTU5PM6W;
				INFOPLIST_FILE = XLPageViewControllerExample/Info.plist;
				LD_RUNPATH_SEARCH_PATHS = (
					"$(inherited)",
					"@executable_path/Frameworks",
				);
				PRODUCT_BUNDLE_IDENTIFIER = mxl.XLPageViewControllerExample;
				PRODUCT_NAME = "$(TARGET_NAME)";
				TARGETED_DEVICE_FAMILY = "1,2";
			};
			name = Release;
		};
/* End XCBuildConfiguration section */

/* Begin XCConfigurationList section */
		5EA702B1228026FA0006D0C2 /* Build configuration list for PBXProject "XLPageViewControllerExample" */ = {
			isa = XCConfigurationList;
			buildConfigurations = (
				5EA702CA228026FC0006D0C2 /* Debug */,
				5EA702CB228026FC0006D0C2 /* Release */,
			);
			defaultConfigurationIsVisible = 0;
			defaultConfigurationName = Release;
		};
		5EA702CC228026FC0006D0C2 /* Build configuration list for PBXNativeTarget "XLPageViewControllerExample" */ = {
			isa = XCConfigurationList;
			buildConfigurations = (
				5EA702CD228026FC0006D0C2 /* Debug */,
				5EA702CE228026FC0006D0C2 /* Release */,
			);
			defaultConfigurationIsVisible = 0;
			defaultConfigurationName = Release;
		};
/* End XCConfigurationList section */
	};
	rootObject = 5EA702AE228026FA0006D0C2 /* Project object */;
}
